{
  "name": "game-of-life",
  "version": "0.1.0",
  "lockfileVersion": 1,
  "requires": true,
  "dependencies": {
    "lodash.throttle": {
      "version": "4.1.1",
      "resolved": "https://registry.npmjs.org/lodash.throttle/-/lodash.throttle-4.1.1.tgz",
      "integrity": "sha1-wj6RtxAkKscMN/HhzaknTMOb8vQ="
    },
    "mdx-deck": {
      "version": "1.7.7",
      "resolved": "https://registry.npmjs.org/mdx-deck/-/mdx-deck-1.7.7.tgz",
      "integrity": "sha512-GlMrEkqdAZh7d5T4qvaMnZ5kaadr9qDEmN/hjna+ikPpUZUhApxyOpYcFYSQR4+E5JLjdX7SWfnjBkIkaNNIWA==",
      "dev": true,
      "dependencies": {
        "ansi-regex": {
          "version": "3.0.0",
          "resolved": "https://registry.npmjs.org/ansi-regex/-/ansi-regex-3.0.0.tgz",
          "integrity": "sha1-7QMXwyIGT3lGbAKWa922Bas32Zg="
        },
        "ansi-styles": {
          "version": "2.2.1",
          "resolved": "https://registry.npmjs.org/ansi-styles/-/ansi-styles-2.2.1.tgz",
          "integrity": "sha1-tDLdM1i2NM914eRmQ2gkBTPB3b4="
        },
        "babel-core": {
          "version": "6.26.3",
          "resolved": "https://registry.npmjs.org/babel-core/-/babel-core-6.26.3.tgz",
          "integrity": "sha512-6jyFLuDmeidKmUEb3NM+/yawG0M2bDZ9Z1qbZP59cyHLz8kYGKYwpJP0UwUKKUiTRNvxfLesJnTedqczP7cTDA=="
        },
        "babel-loader": {
          "version": "7.1.5",
          "resolved": "https://registry.npmjs.org/babel-loader/-/babel-loader-7.1.5.tgz",
          "integrity": "sha512-iCHfbieL5d1LfOQeeVJEUyD9rTwBcP/fcEbRCfempxTDuqrKpu0AZjLAQHEQa3Yqyj9ORKe2iHfoj4rHLf7xpw=="
        },
        "buffer": {
          "version": "5.2.1",
          "resolved": "https://registry.npmjs.org/buffer/-/buffer-5.2.1.tgz",
          "integrity": "sha512-c+Ko0loDaFfuPWiL02ls9Xd3GO3cPVmUobQ6t3rXNUk304u6hGq+8N/kFi+QEIKhzK3uwolVhLzszmfLmMLnqg=="
        },
        "chardet": {
          "version": "0.4.2",
          "resolved": "https://registry.npmjs.org/chardet/-/chardet-0.4.2.tgz",
          "integrity": "sha1-tUc7M9yXxCTl2Y3IfVXU2KKci/I="
        },
        "cross-spawn": {
          "version": "5.1.0",
          "resolved": "https://registry.npmjs.org/cross-spawn/-/cross-spawn-5.1.0.tgz",
          "integrity": "sha1-6L0O/uWPz/b4+UUQoKVUu/ojVEk="
        },
        "debug": {
          "version": "2.6.9",
          "resolved": "https://registry.npmjs.org/debug/-/debug-2.6.9.tgz",
          "integrity": "sha512-bC7ElrdJaJnPbAP+1EotYvqZsb3ecl5wi6Bfi6BJTUcNowp6cvspg0jXznRTKDjm/E7AdgFBVeAPVMNcKGsHMA=="
        },
        "external-editor": {
          "version": "2.2.0",
          "resolved": "https://registry.npmjs.org/external-editor/-/external-editor-2.2.0.tgz",
          "integrity": "sha512-bSn6gvGxKt+b7+6TKEv1ZycHleA7aHhRHyAqJyp5pbUFuYYNIzpZnQDk7AsYckyWdEnTeAnay0aCy2aV6iTk9A=="
        },
        "filesize": {
          "version": "3.5.11",
          "resolved": "https://registry.npmjs.org/filesize/-/filesize-3.5.11.tgz",
          "integrity": "sha512-ZH7loueKBoDb7yG9esn1U+fgq7BzlzW6NRi5/rMdxIZ05dj7GFD/Xc5rq2CDt5Yq86CyfSYVyx4242QQNZbx1g=="
        },
        "find-up": {
          "version": "3.0.0",
          "resolved": "https://registry.npmjs.org/find-up/-/find-up-3.0.0.tgz",
          "integrity": "sha512-1yD6RmLI1XBfxugvORwlck6f75tYL+iR0jqwsOrOxMZyGYqUuDhJ0l4AXdO1iX/FTs9cBAMEk1gWSEx1kSbylg=="
        },
        "gzip-size": {
          "version": "3.0.0",
          "resolved": "https://registry.npmjs.org/gzip-size/-/gzip-size-3.0.0.tgz",
          "integrity": "sha1-VGGI6b3DN/Zzdy+BZgRks4nc5SA="
        },
        "has-flag": {
          "version": "1.0.0",
          "resolved": "https://registry.npmjs.org/has-flag/-/has-flag-1.0.0.tgz",
          "integrity": "sha1-nZ55MWXOAXoA8AQYxD+UKnsdEfo="
        },
        "inquirer": {
          "version": "3.3.0",
          "resolved": "https://registry.npmjs.org/inquirer/-/inquirer-3.3.0.tgz",
          "integrity": "sha512-h+xtnyk4EwKvFWHrUYsWErEVR+igKtLdchu+o0Z1RL7VU/jVMFbYir2bp6bAj8efFNxWqHX0dIss6fJQ+/+qeQ==",
          "dependencies": {
            "strip-ansi": {
              "version": "4.0.0",
              "resolved": "https://registry.npmjs.org/strip-ansi/-/strip-ansi-4.0.0.tgz",
              "integrity": "sha1-qEeQIusaw2iocTibY1JixQXuNo8="
            }
          }
        },
        "is-root": {
          "version": "1.0.0",
          "resolved": "https://registry.npmjs.org/is-root/-/is-root-1.0.0.tgz",
          "integrity": "sha1-B7bCM7w5TNnQK6FclmvWZg1jQtU="
        },
        "locate-path": {
          "version": "3.0.0",
          "resolved": "https://registry.npmjs.org/locate-path/-/locate-path-3.0.0.tgz",
          "integrity": "sha512-7AO748wWnIhNqAuaty2ZWHkQHRSNfPVIsPIfwEOWO22AmaoVrWavlOcMR5nzTLNYvp36X220/maaRsrec1G65A=="
        },
        "ms": {
          "version": "2.0.0",
          "resolved": "https://registry.npmjs.org/ms/-/ms-2.0.0.tgz",
          "integrity": "sha1-VgiurfwAvmwpAd9fmGF4jeDVl8g="
        },
        "opn": {
          "version": "5.2.0",
          "resolved": "https://registry.npmjs.org/opn/-/opn-5.2.0.tgz",
          "integrity": "sha512-Jd/GpzPyHF4P2/aNOVmS3lfMSWV9J7cOhCG1s08XCEAsPkB7lp6ddiU0J7XzyQRDUh8BqJ7PchfINjR8jyofRQ=="
        },
        "p-limit": {
          "version": "2.0.0",
          "resolved": "https://registry.npmjs.org/p-limit/-/p-limit-2.0.0.tgz",
          "integrity": "sha512-fl5s52lI5ahKCernzzIyAP0QAZbGIovtVHGwpcu1Jr/EpzLVDI2myISHwGqK7m8uQFugVWSrbxH7XnhGtvEc+A=="
        },
        "p-locate": {
          "version": "3.0.0",
          "resolved": "https://registry.npmjs.org/p-locate/-/p-locate-3.0.0.tgz",
          "integrity": "sha512-x+12w/To+4GFfgJhBEpiDcLozRJGegY+Ei7/z0tSLkMmxGZNybVMSfWj9aJn8Z5Fc7dBUNJOOVgPv2H7IwulSQ=="
        },
        "p-try": {
          "version": "2.0.0",
          "resolved": "https://registry.npmjs.org/p-try/-/p-try-2.0.0.tgz",
          "integrity": "sha512-hMp0onDKIajHfIkdRk3P4CdCmErkYAxxDtP3Wx/4nZ3aGlau2VKh3mZpcuFkH27WQkL/3WBCPOktzA9ZOAnMQQ=="
        },
        "react": {
          "version": "16.6.1",
          "resolved": "https://registry.npmjs.org/react/-/react-16.6.1.tgz",
          "integrity": "sha512-OtawJThYlvRgm9BXK+xTL7BIlDx8vv21j+fbQDjRRUyok6y7NyjlweGorielTahLZHYIdKUoK2Dp9ByVWuMqxw=="
        },
        "react-dev-utils": {
          "version": "5.0.3",
          "resolved": "https://registry.npmjs.org/react-dev-utils/-/react-dev-utils-5.0.3.tgz",
          "integrity": "sha512-Mvs6ofsc2xTjeZIrMaIfbXfsPVrbdVy/cVqq6SAacnqfMlcBpDuivhWZ1ODGeJ8HgmyWTLH971PYjj/EPCDVAw==",
          "dependencies": {
            "chalk": {
              "version": "1.1.3",
              "resolved": "https://registry.npmjs.org/chalk/-/chalk-1.1.3.tgz",
              "integrity": "sha1-qBFcVeSnAv5NFQq9OHKCKn4J/Jg="
            }
          }
        },
        "react-dom": {
          "version": "16.6.1",
          "resolved": "https://registry.npmjs.org/react-dom/-/react-dom-16.6.1.tgz",
          "integrity": "sha512-zm+wBuEMGm009Wt1uE4Zw5KcXOW7qC4E/xW/fpJsCsbOco4U/R84u+DzzO/S4SYSdNBcqcaulcp4w3FXl8pImw=="
        },
        "react-error-overlay": {
          "version": "4.0.1",
          "resolved": "https://registry.npmjs.org/react-error-overlay/-/react-error-overlay-4.0.1.tgz",
          "integrity": "sha512-xXUbDAZkU08aAkjtUvldqbvI04ogv+a1XdHxvYuHPYKIVk/42BIOD0zSKTHAWV4+gDy3yGm283z2072rA2gdtw=="
        },
        "recursive-readdir": {
          "version": "2.2.1",
          "resolved": "https://registry.npmjs.org/recursive-readdir/-/recursive-readdir-2.2.1.tgz",
          "integrity": "sha1-kO8jHQd4xc4JPJpI105cVCLROpk=",
          "dependencies": {
            "minimatch": {
              "version": "3.0.3",
              "resolved": "https://registry.npmjs.org/minimatch/-/minimatch-3.0.3.tgz",
              "integrity": "sha1-Kk5AkLlrLbBqnX3wEFWmKnfJt3Q="
            }
          }
        },
        "styled-components": {
          "version": "3.4.10",
          "resolved": "https://registry.npmjs.org/styled-components/-/styled-components-3.4.10.tgz",
          "integrity": "sha512-TA8ip8LoILgmSAFd3r326pKtXytUUGu5YWuqZcOQVwVVwB6XqUMn4MHW2IuYJ/HAD81jLrdQed8YWfLSG1LX4Q==",
          "dependencies": {
            "supports-color": {
              "version": "3.2.3",
              "resolved": "https://registry.npmjs.org/supports-color/-/supports-color-3.2.3.tgz",
              "integrity": "sha1-ZawFBLOVQXHYpklGsq48u4pfVPY="
            }
          }
        },
        "supports-color": {
          "version": "2.0.0",
          "resolved": "https://registry.npmjs.org/supports-color/-/supports-color-2.0.0.tgz",
          "integrity": "sha1-U10EXOa2Nj+kARcIRimZXp3zJMc="
        }
      }
    },
    "prettier": {
      "version": "1.17.0",
      "resolved": "https://registry.npmjs.org/prettier/-/prettier-1.17.0.tgz",
      "integrity": "sha512-sXe5lSt2WQlCbydGETgfm1YBShgOX4HxQkFPvbxkcwgDvGDeqVau8h+12+lmSVlP3rHPz0oavfddSZg/q+Szjw==",
      "dev": true
    },
    "react": {
      "version": "16.7.0-alpha.0",
      "resolved": "https://registry.npmjs.org/react/-/react-16.7.0-alpha.0.tgz",
      "integrity": "sha512-V0za4H01aoAF0SdzahHepvfvzTQ1xxkgMX4z8uKzn+wzZAlVk0IVpleqyxZWluqmdftNedj6fIIZRO/rVYVFvQ=="
    },
    "react-dom": {
      "version": "16.7.0-alpha.0",
      "resolved": "https://registry.npmjs.org/react-dom/-/react-dom-16.7.0-alpha.0.tgz",
      "integrity": "sha512-/XUn1ldxmoV2B7ov0rWT5LMZaaHMlF9GGLkUsmPRxmWTJwRDOuAPXidSaSlmR/VOhDSI1s+v3+KzFqhhDFJxYA=="
    },
    "react-powerplug": {
      "version": "1.0.0",
      "resolved": "https://registry.npmjs.org/react-powerplug/-/react-powerplug-1.0.0.tgz",
      "integrity": "sha512-H7U+1sNiOqlaPgZpfciVZ3BMHtXHsd0tkXrOmrwV7ZTpK+YGRddK7+Um1RT2OTe+4G+1muXfyFMAwcnasABMtA=="
    },
    "react-scripts": {
      "version": "2.1.1",
      "resolved": "https://registry.npmjs.org/react-scripts/-/react-scripts-2.1.1.tgz",
      "integrity": "sha512-f6KCUy7opItgeana1Ghwj+lYQp5BTHSaivG/dbfiIqSm5QdOIUV5eiFSBsbaAE6GEKqGYmZDK6Yw5WmbrhxaFg=="
    },
    "rebass": {
      "version": "3.0.0",
      "resolved": "https://registry.npmjs.org/rebass/-/rebass-3.0.0.tgz",
      "integrity": "sha512-O5kbFdl8hyGmetoybEGHOi2EwVJWr37iJbM1zHRF+Vkvuo/OYxjIu4XnPF6DRKGtsn2BPOfas3Gp1QBO6aq6/A=="
    },
    "styled-components": {
      "version": "4.0.3",
      "resolved": "https://registry.npmjs.org/styled-components/-/styled-components-4.0.3.tgz",
      "integrity": "sha512-oEZovK4xMGAMhOA9h74dCYJsp3IwUFhEvtYe4gwTy0cBZ3a17YMxBfM2oXsEoED9f+HCM5UQZW2h297n4u8hUw=="
    }
  }
}
